PODS:
  - Differentiator (5.0.0)
  - HITChartSwift (0.0.7)
  - Kingfisher (6.2.1)
  - RxCocoa (6.1.0):
    - RxRelay (= 6.1.0)
    - RxSwift (= 6.1.0)
  - RxDataSources (5.0.0):
    - Differentiator (~> 5.0)
    - RxCocoa (~> 6.0)
    - RxSwift (~> 6.0)
  - RxOptional (5.0.1):
    - RxCocoa (~> 6.0)
    - RxSwift (~> 6.0)
  - RxRelay (6.1.0):
    - RxSwift (= 6.1.0)
  - RxSwift (6.1.0)

DEPENDENCIES:
  - HITChartSwift
  - Kingfisher (~> 6.0)
  - RxCocoa (= 6.1.0)
  - RxDataSources
  - RxOptional
  - RxSwift (= 6.1.0)

SPEC REPOS:
  trunk:
    - Differentiator
    - HITChartSwift
    - Kingfisher
    - RxCocoa
    - RxDataSources
    - RxOptional
    - RxRelay
    - RxSwift

SPEC CHECKSUMS:
  Differentiator: e8497ceab83c1b10ca233716d547b9af21b9344d
  HITChartSwift: 3c3dd7ef0645ee404b678b052b97b103a704260a
  Kingfisher: e71c6fac2aebb1262888cabc2cb13d313362a48f
  RxCocoa: 5c51f02d562cbd94629f6c26cf0c80fe4ab8d343
  RxDataSources: aa47cc1ed6c500fa0dfecac5c979b723542d79cf
  RxOptional: e0b39f0863c25c4bfeea83cb35102a5244d048b3
  RxRelay: 483e1a19fad961b41f0b0c0bee506f46c1ae14fe
  RxSwift: a834e5c538e89eca0cae86f403f4fbf0336786ce

PODFILE CHECKSUM: d4de3583c15bae8f457a919667abe5aab2d46f49

COCOAPODS: 1.10.1
